
Microsoft Visual Studio Solution File, Format Version 11.00
# Visual Studio 2010
Project("{FAE04EC0-301F-11D3-BF4B-00C04F79EFBC}") = "PriyomAPI1", "PriyomAPI1\PriyomAPI1.csproj", "{D1A3B20D-1D11-45A5-BC34-C16E9BEA7D67}"
EndProject
Global
	GlobalSection(SolutionConfigurationPlatforms) = preSolution
		Debug|Any CPU = Debug|Any CPU
		Release|Any CPU = Release|Any CPU
	EndGlobalSection
	GlobalSection(ProjectConfigurationPlatforms) = postSolution
		{D1A3B20D-1D11-45A5-BC34-C16E9BEA7D67}.Debug|Any CPU.ActiveCfg = Release|Any CPU
		{D1A3B20D-1D11-45A5-BC34-C16E9BEA7D67}.Debug|Any CPU.Build.0 = Release|Any CPU
		{D1A3B20D-1D11-45A5-BC34-C16E9BEA7D67}.Release|Any CPU.ActiveCfg = Release|Any CPU
		{D1A3B20D-1D11-45A5-BC34-C16E9BEA7D67}.Release|Any CPU.Build.0 = Release|Any CPU
	EndGlobalSection
	GlobalSection(SolutionProperties) = preSolution
		HideSolutionNode = FALSE
	EndGlobalSection
EndGlobal
